
Microsoft Visual Studio Solution File, Format Version 12.00
# Visual Studio Version 16
VisualStudioVersion = 16.0.30204.135
MinimumVisualStudioVersion = 10.0.40219.1
Project("{9A19103F-16F7-4668-BE54-9A1E7A4F7556}") = "vimanet", "vimanet.WebApp\vimanet.csproj", "{EE0FC674-2DF3-4057-A5B3-63B0DB492BC4}"
EndProject
Project("{FAE04EC0-301F-11D3-BF4B-00C04F79EFBC}") = "vimanet.DataAccess", "vimanet.DataAccess\vimanet.DataAccess.csproj", "{B9246FF0-7667-441F-AA54-1B33F2E08AFB}"
EndProject
Global
	GlobalSection(SolutionConfigurationPlatforms) = preSolution
		Debug|Any CPU = Debug|Any CPU
		Release|Any CPU = Release|Any CPU
	EndGlobalSection
	GlobalSection(ProjectConfigurationPlatforms) = postSolution
		{EE0FC674-2DF3-4057-A5B3-63B0DB492BC4}.Debug|Any CPU.ActiveCfg = Debug|Any CPU
		{EE0FC674-2DF3-4057-A5B3-63B0DB492BC4}.Debug|Any CPU.Build.0 = Debug|Any CPU
		{EE0FC674-2DF3-4057-A5B3-63B0DB492BC4}.Release|Any CPU.ActiveCfg = Release|Any CPU
		{EE0FC674-2DF3-4057-A5B3-63B0DB492BC4}.Release|Any CPU.Build.0 = Release|Any CPU
		{B9246FF0-7667-441F-AA54-1B33F2E08AFB}.Debug|Any CPU.ActiveCfg = Debug|Any CPU
		{B9246FF0-7667-441F-AA54-1B33F2E08AFB}.Debug|Any CPU.Build.0 = Debug|Any CPU
		{B9246FF0-7667-441F-AA54-1B33F2E08AFB}.Release|Any CPU.ActiveCfg = Release|Any CPU
		{B9246FF0-7667-441F-AA54-1B33F2E08AFB}.Release|Any CPU.Build.0 = Release|Any CPU
	EndGlobalSection
	GlobalSection(SolutionProperties) = preSolution
		HideSolutionNode = FALSE
	EndGlobalSection
	GlobalSection(ExtensibilityGlobals) = postSolution
		SolutionGuid = {B2EF0EB0-C386-4F0D-926A-8972E4B2C821}
	EndGlobalSection
EndGlobal
